// !$*UTF8*$!
{
	archiveVersion = 1;
	classes = {
	};
	objectVersion = 46;
	objects = {

/* Begin PBXBuildFile section */
		477799761BEC7E7500F3B180 /* SAMOfferShortDetailsViewController.m in Sources */ = {isa = PBXBuildFile; fileRef = 477799751BEC7E7500F3B180 /* SAMOfferShortDetailsViewController.m */; };
		4A5C08671BD66C460022EE22 /* Images-2.xcassets in Resources */ = {isa = PBXBuildFile; fileRef = 4A5C08661BD66C460022EE22 /* Images-2.xcassets */; };
		6C028D211BD4FC0A00CA393C /* main.m in Sources */ = {isa = PBXBuildFile; fileRef = 6C028D201BD4FC0A00CA393C /* main.m */; };
		6C028D241BD4FC0A00CA393C /* AppDelegate.m in Sources */ = {isa = PBXBuildFile; fileRef = 6C028D231BD4FC0A00CA393C /* AppDelegate.m */; };
		6C028D2C1BD4FC0A00CA393C /* Images.xcassets in Resources */ = {isa = PBXBuildFile; fileRef = 6C028D2B1BD4FC0A00CA393C /* Images.xcassets */; };
		6C028D2F1BD4FC0A00CA393C /* LaunchScreen.xib in Resources */ = {isa = PBXBuildFile; fileRef = 6C028D2D1BD4FC0A00CA393C /* LaunchScreen.xib */; };
		6C028D3B1BD4FC0B00CA393C /* SocialAdMarketTests.m in Sources */ = {isa = PBXBuildFile; fileRef = 6C028D3A1BD4FC0B00CA393C /* SocialAdMarketTests.m */; };
		6C028D451BD4FC3A00CA393C /* CoreGraphics.framework in Frameworks */ = {isa = PBXBuildFile; fileRef = 6C028D441BD4FC3A00CA393C /* CoreGraphics.framework */; };
		6C028D471BD4FC3F00CA393C /* QuartzCore.framework in Frameworks */ = {isa = PBXBuildFile; fileRef = 6C028D461BD4FC3F00CA393C /* QuartzCore.framework */; };
		6C028D491BD4FC4500CA393C /* MessageUI.framework in Frameworks */ = {isa = PBXBuildFile; fileRef = 6C028D481BD4FC4500CA393C /* MessageUI.framework */; };
		6C028D4B1BD4FC5000CA393C /* MapKit.framework in Frameworks */ = {isa = PBXBuildFile; fileRef = 6C028D4A1BD4FC5000CA393C /* MapKit.framework */; };
		6C028D5B1BD4FCF500CA393C /* SAMUserPropertiesAndAssets.m in Sources */ = {isa = PBXBuildFile; fileRef = 6C028D541BD4FCF500CA393C /* SAMUserPropertiesAndAssets.m */; };
		6C028D5C1BD4FCF500CA393C /* BSOfferDetails.m in Sources */ = {isa = PBXBuildFile; fileRef = 6C028D561BD4FCF500CA393C /* BSOfferDetails.m */; };
		6C028D5D1BD4FCF500CA393C /* OfferLogic.m in Sources */ = {isa = PBXBuildFile; fileRef = 6C028D581BD4FCF500CA393C /* OfferLogic.m */; };
		6C028D5E1BD4FCF500CA393C /* SwappedOfferDetails.m in Sources */ = {isa = PBXBuildFile; fileRef = 6C028D5A1BD4FCF500CA393C /* SwappedOfferDetails.m */; };
		6C028D6B1BD4FD0A00CA393C /* settings.png in Resources */ = {isa = PBXBuildFile; fileRef = 6C028D5F1BD4FD0A00CA393C /* settings.png */; };
		6C028D6C1BD4FD0A00CA393C /* light_profile_img.png in Resources */ = {isa = PBXBuildFile; fileRef = 6C028D601BD4FD0A00CA393C /* light_profile_img.png */; };
		6C028D6D1BD4FD0A00CA393C /* img1.jpg in Resources */ = {isa = PBXBuildFile; fileRef = 6C028D611BD4FD0A00CA393C /* img1.jpg */; };
		6C028D6E1BD4FD0A00CA393C /* img2.jpeg in Resources */ = {isa = PBXBuildFile; fileRef = 6C028D621BD4FD0A00CA393C /* img2.jpeg */; };
		6C028D6F1BD4FD0A00CA393C /* images.jpeg in Resources */ = {isa = PBXBuildFile; fileRef = 6C028D631BD4FD0A00CA393C /* images.jpeg */; };
		6C028D701BD4FD0A00CA393C /* no-new-messages-icon.jpg in Resources */ = {isa = PBXBuildFile; fileRef = 6C028D641BD4FD0A00CA393C /* no-new-messages-icon.jpg */; };
		6C028D711BD4FD0A00CA393C /* plusGreen.png in Resources */ = {isa = PBXBuildFile; fileRef = 6C028D651BD4FD0A00CA393C /* plusGreen.png */; };
		6C028D721BD4FD0A00CA393C /* list.png in Resources */ = {isa = PBXBuildFile; fileRef = 6C028D661BD4FD0A00CA393C /* list.png */; };
		6C028D731BD4FD0A00CA393C /* message.png in Resources */ = {isa = PBXBuildFile; fileRef = 6C028D671BD4FD0A00CA393C /* message.png */; };
		6C028D741BD4FD0A00CA393C /* profile.png in Resources */ = {isa = PBXBuildFile; fileRef = 6C028D681BD4FD0A00CA393C /* profile.png */; };
		6C028D751BD4FD0A00CA393C /* map.png in Resources */ = {isa = PBXBuildFile; fileRef = 6C028D691BD4FD0A00CA393C /* map.png */; };
		6C028D761BD4FD0A00CA393C /* left-arrow.png in Resources */ = {isa = PBXBuildFile; fileRef = 6C028D6A1BD4FD0A00CA393C /* left-arrow.png */; };
		6C028D7A1BD4FD3000CA393C /* BSLoginViewController.m in Sources */ = {isa = PBXBuildFile; fileRef = 6C028D791BD4FD3000CA393C /* BSLoginViewController.m */; };
		6C028D7E1BD4FD4000CA393C /* BaseViewController.m in Sources */ = {isa = PBXBuildFile; fileRef = 6C028D7D1BD4FD4000CA393C /* BaseViewController.m */; };
		6C028D931BD4FD8A00CA393C /* SAMProfileViewController.m in Sources */ = {isa = PBXBuildFile; fileRef = 6C028D831BD4FD8A00CA393C /* SAMProfileViewController.m */; };
		6C028D951BD4FD8A00CA393C /* SAMMapViewController.m in Sources */ = {isa = PBXBuildFile; fileRef = 6C028D871BD4FD8A00CA393C /* SAMMapViewController.m */; };
		6C028D971BD4FD8A00CA393C /* ItemElaborateDetailsViewController.m in Sources */ = {isa = PBXBuildFile; fileRef = 6C028D8B1BD4FD8A00CA393C /* ItemElaborateDetailsViewController.m */; };
		6C028D981BD4FD8A00CA393C /* SAMSettingsViewController.m in Sources */ = {isa = PBXBuildFile; fileRef = 6C028D8D1BD4FD8A00CA393C /* SAMSettingsViewController.m */; };
		6C028D991BD4FD8A00CA393C /* SAMChangeEmailViewController.m in Sources */ = {isa = PBXBuildFile; fileRef = 6C028D8F1BD4FD8A00CA393C /* SAMChangeEmailViewController.m */; };
		6C028D9A1BD4FD8A00CA393C /* SuggestMerchantViewController.m in Sources */ = {isa = PBXBuildFile; fileRef = 6C028D911BD4FD8A00CA393C /* SuggestMerchantViewController.m */; };
		6C028D9C1BD4FDB700CA393C /* Main.storyboard in Resources */ = {isa = PBXBuildFile; fileRef = 6C028D9B1BD4FDB700CA393C /* Main.storyboard */; };
		6C028DA01BD4FE4100CA393C /* SAMTableViewCell.m in Sources */ = {isa = PBXBuildFile; fileRef = 6C028D9F1BD4FE4100CA393C /* SAMTableViewCell.m */; };
		6C028DAA1BD4FE5600CA393C /* DWBubbleMenuButton.m in Sources */ = {isa = PBXBuildFile; fileRef = 6C028DA31BD4FE5600CA393C /* DWBubbleMenuButton.m */; };
		6C028DAB1BD4FE5600CA393C /* BSAuthenticationUIWebView.m in Sources */ = {isa = PBXBuildFile; fileRef = 6C028DA51BD4FE5600CA393C /* BSAuthenticationUIWebView.m */; };
		6C028DAC1BD4FE5600CA393C /* BSCustomSegmentedView.m in Sources */ = {isa = PBXBuildFile; fileRef = 6C028DA71BD4FE5600CA393C /* BSCustomSegmentedView.m */; };
		6C028DAD1BD4FE5600CA393C /* BSShortDescriptionView.m in Sources */ = {isa = PBXBuildFile; fileRef = 6C028DA91BD4FE5600CA393C /* BSShortDescriptionView.m */; };
		6C028DB21BD4FEA100CA393C /* SVProgressHUD.bundle in Resources */ = {isa = PBXBuildFile; fileRef = 6C028DAF1BD4FEA100CA393C /* SVProgressHUD.bundle */; };
		6C028DB31BD4FEA100CA393C /* SVProgressHUD.m in Sources */ = {isa = PBXBuildFile; fileRef = 6C028DB11BD4FEA100CA393C /* SVProgressHUD.m */; };
		6C028DD61BD4FED100CA393C /* MKAnnotationView+WebCache.m in Sources */ = {isa = PBXBuildFile; fileRef = 6C028DB61BD4FED100CA393C /* MKAnnotationView+WebCache.m */; };
		6C028DD71BD4FED100CA393C /* NSData+ImageContentType.m in Sources */ = {isa = PBXBuildFile; fileRef = 6C028DB81BD4FED100CA393C /* NSData+ImageContentType.m */; };
		6C028DD81BD4FED100CA393C /* SDImageCache.m in Sources */ = {isa = PBXBuildFile; fileRef = 6C028DBA1BD4FED100CA393C /* SDImageCache.m */; };
		6C028DD91BD4FED100CA393C /* SDWebImageCompat.m in Sources */ = {isa = PBXBuildFile; fileRef = 6C028DBC1BD4FED100CA393C /* SDWebImageCompat.m */; };
		6C028DDA1BD4FED100CA393C /* SDWebImageDecoder.m in Sources */ = {isa = PBXBuildFile; fileRef = 6C028DBE1BD4FED100CA393C /* SDWebImageDecoder.m */; };
		6C028DDB1BD4FED100CA393C /* SDWebImageDownloader.m in Sources */ = {isa = PBXBuildFile; fileRef = 6C028DC01BD4FED100CA393C /* SDWebImageDownloader.m */; };
		6C028DDC1BD4FED100CA393C /* SDWebImageDownloaderOperation.m in Sources */ = {isa = PBXBuildFile; fileRef = 6C028DC21BD4FED100CA393C /* SDWebImageDownloaderOperation.m */; };
		6C028DDD1BD4FED100CA393C /* SDWebImageManager.m in Sources */ = {isa = PBXBuildFile; fileRef = 6C028DC41BD4FED100CA393C /* SDWebImageManager.m */; };
		6C028DDE1BD4FED100CA393C /* SDWebImagePrefetcher.m in Sources */ = {isa = PBXBuildFile; fileRef = 6C028DC71BD4FED100CA393C /* SDWebImagePrefetcher.m */; };
		6C028DDF1BD4FED100CA393C /* UIButton+WebCache.m in Sources */ = {isa = PBXBuildFile; fileRef = 6C028DC91BD4FED100CA393C /* UIButton+WebCache.m */; };
		6C028DE01BD4FED100CA393C /* UIImage+GIF.m in Sources */ = {isa = PBXBuildFile; fileRef = 6C028DCB1BD4FED100CA393C /* UIImage+GIF.m */; };
		6C028DE11BD4FED100CA393C /* UIImage+MultiFormat.m in Sources */ = {isa = PBXBuildFile; fileRef = 6C028DCD1BD4FED100CA393C /* UIImage+MultiFormat.m */; };
		6C028DE21BD4FED100CA393C /* UIImage+WebP.m in Sources */ = {isa = PBXBuildFile; fileRef = 6C028DCF1BD4FED100CA393C /* UIImage+WebP.m */; };
		6C028DE31BD4FED100CA393C /* UIImageView+HighlightedWebCache.m in Sources */ = {isa = PBXBuildFile; fileRef = 6C028DD11BD4FED100CA393C /* UIImageView+HighlightedWebCache.m */; };
		6C028DE41BD4FED100CA393C /* UIImageView+WebCache.m in Sources */ = {isa = PBXBuildFile; fileRef = 6C028DD31BD4FED100CA393C /* UIImageView+WebCache.m */; };
		6C028DE51BD4FED100CA393C /* UIView+WebCacheOperation.m in Sources */ = {isa = PBXBuildFile; fileRef = 6C028DD51BD4FED100CA393C /* UIView+WebCacheOperation.m */; };
		6C028DE71BD511FB00CA393C /* followers_red.jpg in Resources */ = {isa = PBXBuildFile; fileRef = 6C028DE61BD511FB00CA393C /* followers_red.jpg */; };
		6C2D74191BD522ED00A5BC3F /* app_icon 3.png in Resources */ = {isa = PBXBuildFile; fileRef = 6C2D74181BD522ED00A5BC3F /* app_icon 3.png */; };
		6C77F9381BE73D05002DF037 /* APIManager.m in Sources */ = {isa = PBXBuildFile; fileRef = 6C77F9371BE73D05002DF037 /* APIManager.m */; };
		6C77F93B1BE73D17002DF037 /* InboxDetails.m in Sources */ = {isa = PBXBuildFile; fileRef = 6C77F93A1BE73D17002DF037 /* InboxDetails.m */; };
		6C77F9421BE73E19002DF037 /* SAMessageDetailsViewController.m in Sources */ = {isa = PBXBuildFile; fileRef = 6C77F93D1BE73E19002DF037 /* SAMessageDetailsViewController.m */; };
		6C77F9431BE73E19002DF037 /* SAMessageDetailsViewController.xib in Resources */ = {isa = PBXBuildFile; fileRef = 6C77F93E1BE73E19002DF037 /* SAMessageDetailsViewController.xib */; };
		6C77F9441BE73E19002DF037 /* SAMessageReplyViewController.m in Sources */ = {isa = PBXBuildFile; fileRef = 6C77F9401BE73E19002DF037 /* SAMessageReplyViewController.m */; };
		6C77F9451BE73E19002DF037 /* SAMessageReplyViewController.xib in Resources */ = {isa = PBXBuildFile; fileRef = 6C77F9411BE73E19002DF037 /* SAMessageReplyViewController.xib */; };
		6C77F94B1BE73EEE002DF037 /* SocialAddMarketViewController.m in Sources */ = {isa = PBXBuildFile; fileRef = 6C77F94A1BE73EEE002DF037 /* SocialAddMarketViewController.m */; };
		6C77F94F1BE73F80002DF037 /* UIScrollView+APParallaxHeader.m in Sources */ = {isa = PBXBuildFile; fileRef = 6C77F94E1BE73F80002DF037 /* UIScrollView+APParallaxHeader.m */; };
		6C77F9511BE74236002DF037 /* InboxTableViewCell.xib in Resources */ = {isa = PBXBuildFile; fileRef = 6C77F9501BE74236002DF037 /* InboxTableViewCell.xib */; };
		6C77F9541BE74275002DF037 /* SAMMessageViewController.m in Sources */ = {isa = PBXBuildFile; fileRef = 6C77F9531BE74275002DF037 /* SAMMessageViewController.m */; };
		6C77F9571BE744B9002DF037 /* InboxTableViewCell.m in Sources */ = {isa = PBXBuildFile; fileRef = 6C77F9561BE744B9002DF037 /* InboxTableViewCell.m */; };
		E9366F2DFBC86301DC8CD96A /* libPods.a in Frameworks */ = {isa = PBXBuildFile; fileRef = 8E282CDB4CA535E8622C0454 /* libPods.a */; };
/* End PBXBuildFile section */

/* Begin PBXContainerItemProxy section */
		6C028D351BD4FC0A00CA393C /* PBXContainerItemProxy */ = {
			isa = PBXContainerItemProxy;
			containerPortal = 6C028D131BD4FC0A00CA393C /* Project object */;
			proxyType = 1;
			remoteGlobalIDString = 6C028D1A1BD4FC0A00CA393C;
			remoteInfo = SocialAdMarket;
		};
/* End PBXContainerItemProxy section */

/* Begin PBXFileReference section */
		477799751BEC7E7500F3B180 /* SAMOfferShortDetailsViewController.m */ = {isa = PBXFileReference; fileEncoding = 4; lastKnownFileType = sourcecode.c.objc; path = SAMOfferShortDetailsViewController.m; sourceTree = "<group>"; };
		4A5C08661BD66C460022EE22 /* Images-2.xcassets */ = {isa = PBXFileReference; lastKnownFileType = folder.assetcatalog; path = "Images-2.xcassets"; sourceTree = "<group>"; };
		61D32AFBED45A8EF6AEAD48B /* Pods.debug.xcconfig */ = {isa = PBXFileReference; includeInIndex = 1; lastKnownFileType = text.xcconfig; name = Pods.debug.xcconfig; path = "Pods/Target Support Files/Pods/Pods.debug.xcconfig"; sourceTree = "<group>"; };
		6C028D1B1BD4FC0A00CA393C /* SocialAdMarket.app */ = {isa = PBXFileReference; explicitFileType = wrapper.application; includeInIndex = 0; path = SocialAdMarket.app; sourceTree = BUILT_PRODUCTS_DIR; };
		6C028D1F1BD4FC0A00CA393C /* Info.plist */ = {isa = PBXFileReference; lastKnownFileType = text.plist.xml; path = Info.plist; sourceTree = "<group>"; };
		6C028D201BD4FC0A00CA393C /* main.m */ = {isa = PBXFileReference; lastKnownFileType = sourcecode.c.objc; path = main.m; sourceTree = "<group>"; };
		6C028D221BD4FC0A00CA393C /* AppDelegate.h */ = {isa = PBXFileReference; lastKnownFileType = sourcecode.c.h; path = AppDelegate.h; sourceTree = "<group>"; };
		6C028D231BD4FC0A00CA393C /* AppDelegate.m */ = {isa = PBXFileReference; lastKnownFileType = sourcecode.c.objc; path = AppDelegate.m; sourceTree = "<group>"; };
		6C028D2B1BD4FC0A00CA393C /* Images.xcassets */ = {isa = PBXFileReference; lastKnownFileType = folder.assetcatalog; path = Images.xcassets; sourceTree = "<group>"; };
		6C028D2E1BD4FC0A00CA393C /* Base */ = {isa = PBXFileReference; lastKnownFileType = file.xib; name = Base; path = Base.lproj/LaunchScreen.xib; sourceTree = "<group>"; };
		6C028D341BD4FC0A00CA393C /* SocialAdMarketTests.xctest */ = {isa = PBXFileReference; explicitFileType = wrapper.cfbundle; includeInIndex = 0; path = SocialAdMarketTests.xctest; sourceTree = BUILT_PRODUCTS_DIR; };
		6C028D391BD4FC0B00CA393C /* Info.plist */ = {isa = PBXFileReference; lastKnownFileType = text.plist.xml; path = Info.plist; sourceTree = "<group>"; };
		6C028D3A1BD4FC0B00CA393C /* SocialAdMarketTests.m */ = {isa = PBXFileReference; lastKnownFileType = sourcecode.c.objc; path = SocialAdMarketTests.m; sourceTree = "<group>"; };
		6C028D441BD4FC3A00CA393C /* CoreGraphics.framework */ = {isa = PBXFileReference; lastKnownFileType = wrapper.framework; name = CoreGraphics.framework; path = System/Library/Frameworks/CoreGraphics.framework; sourceTree = SDKROOT; };
		6C028D461BD4FC3F00CA393C /* QuartzCore.framework */ = {isa = PBXFileReference; lastKnownFileType = wrapper.framework; name = QuartzCore.framework; path = System/Library/Frameworks/QuartzCore.framework; sourceTree = SDKROOT; };
		6C028D481BD4FC4500CA393C /* MessageUI.framework */ = {isa = PBXFileReference; lastKnownFileType = wrapper.framework; name = MessageUI.framework; path = System/Library/Frameworks/MessageUI.framework; sourceTree = SDKROOT; };
		6C028D4A1BD4FC5000CA393C /* MapKit.framework */ = {isa = PBXFileReference; lastKnownFileType = wrapper.framework; name = MapKit.framework; path = System/Library/Frameworks/MapKit.framework; sourceTree = SDKROOT; };
		6C028D521BD4FCF500CA393C /* Constants.h */ = {isa = PBXFileReference; fileEncoding = 4; lastKnownFileType = sourcecode.c.h; path = Constants.h; sourceTree = "<group>"; };
		6C028D531BD4FCF500CA393C /* SAMUserPropertiesAndAssets.h */ = {isa = PBXFileReference; fileEncoding = 4; lastKnownFileType = sourcecode.c.h; path = SAMUserPropertiesAndAssets.h; sourceTree = "<group>"; };
		6C028D541BD4FCF500CA393C /* SAMUserPropertiesAndAssets.m */ = {isa = PBXFileReference; fileEncoding = 4; lastKnownFileType = sourcecode.c.objc; path = SAMUserPropertiesAndAssets.m; sourceTree = "<group>"; };
		6C028D551BD4FCF500CA393C /* BSOfferDetails.h */ = {isa = PBXFileReference; fileEncoding = 4; lastKnownFileType = sourcecode.c.h; path = BSOfferDetails.h; sourceTree = "<group>"; };
		6C028D561BD4FCF500CA393C /* BSOfferDetails.m */ = {isa = PBXFileReference; fileEncoding = 4; lastKnownFileType = sourcecode.c.objc; path = BSOfferDetails.m; sourceTree = "<group>"; };
		6C028D571BD4FCF500CA393C /* OfferLogic.h */ = {isa = PBXFileReference; fileEncoding = 4; lastKnownFileType = sourcecode.c.h; path = OfferLogic.h; sourceTree = "<group>"; };
		6C028D581BD4FCF500CA393C /* OfferLogic.m */ = {isa = PBXFileReference; fileEncoding = 4; lastKnownFileType = sourcecode.c.objc; path = OfferLogic.m; sourceTree = "<group>"; };
		6C028D591BD4FCF500CA393C /* SwappedOfferDetails.h */ = {isa = PBXFileReference; fileEncoding = 4; lastKnownFileType = sourcecode.c.h; path = SwappedOfferDetails.h; sourceTree = "<group>"; };
		6C028D5A1BD4FCF500CA393C /* SwappedOfferDetails.m */ = {isa = PBXFileReference; fileEncoding = 4; lastKnownFileType = sourcecode.c.objc; path = SwappedOfferDetails.m; sourceTree = "<group>"; };
		6C028D5F1BD4FD0A00CA393C /* settings.png */ = {isa = PBXFileReference; lastKnownFileType = image.png; path = settings.png; sourceTree = "<group>"; };
		6C028D601BD4FD0A00CA393C /* light_profile_img.png */ = {isa = PBXFileReference; lastKnownFileType = image.png; path = light_profile_img.png; sourceTree = "<group>"; };
		6C028D611BD4FD0A00CA393C /* img1.jpg */ = {isa = PBXFileReference; lastKnownFileType = image.jpeg; path = img1.jpg; sourceTree = "<group>"; };
		6C028D621BD4FD0A00CA393C /* img2.jpeg */ = {isa = PBXFileReference; lastKnownFileType = image.jpeg; path = img2.jpeg; sourceTree = "<group>"; };
		6C028D631BD4FD0A00CA393C /* images.jpeg */ = {isa = PBXFileReference; lastKnownFileType = image.jpeg; path = images.jpeg; sourceTree = "<group>"; };
		6C028D641BD4FD0A00CA393C /* no-new-messages-icon.jpg */ = {isa = PBXFileReference; lastKnownFileType = image.jpeg; path = "no-new-messages-icon.jpg"; sourceTree = "<group>"; };
		6C028D651BD4FD0A00CA393C /* plusGreen.png */ = {isa = PBXFileReference; lastKnownFileType = image.png; path = plusGreen.png; sourceTree = "<group>"; };
		6C028D661BD4FD0A00CA393C /* list.png */ = {isa = PBXFileReference; lastKnownFileType = image.png; path = list.png; sourceTree = "<group>"; };
		6C028D671BD4FD0A00CA393C /* message.png */ = {isa = PBXFileReference; lastKnownFileType = image.png; path = message.png; sourceTree = "<group>"; };
		6C028D681BD4FD0A00CA393C /* profile.png */ = {isa = PBXFileReference; lastKnownFileType = image.png; path = profile.png; sourceTree = "<group>"; };
		6C028D691BD4FD0A00CA393C /* map.png */ = {isa = PBXFileReference; lastKnownFileType = image.png; path = map.png; sourceTree = "<group>"; };
		6C028D6A1BD4FD0A00CA393C /* left-arrow.png */ = {isa = PBXFileReference; lastKnownFileType = image.png; path = "left-arrow.png"; sourceTree = "<group>"; };
		6C028D781BD4FD3000CA393C /* BSLoginViewController.h */ = {isa = PBXFileReference; fileEncoding = 4; lastKnownFileType = sourcecode.c.h; path = BSLoginViewController.h; sourceTree = "<group>"; };
		6C028D791BD4FD3000CA393C /* BSLoginViewController.m */ = {isa = PBXFileReference; fileEncoding = 4; lastKnownFileType = sourcecode.c.objc; path = BSLoginViewController.m; sourceTree = "<group>"; };
		6C028D7C1BD4FD4000CA393C /* BaseViewController.h */ = {isa = PBXFileReference; fileEncoding = 4; lastKnownFileType = sourcecode.c.h; path = BaseViewController.h; sourceTree = "<group>"; };
		6C028D7D1BD4FD4000CA393C /* BaseViewController.m */ = {isa = PBXFileReference; fileEncoding = 4; lastKnownFileType = sourcecode.c.objc; path = BaseViewController.m; sourceTree = "<group>"; };
		6C028D821BD4FD8A00CA393C /* SAMProfileViewController.h */ = {isa = PBXFileReference; fileEncoding = 4; lastKnownFileType = sourcecode.c.h; path = SAMProfileViewController.h; sourceTree = "<group>"; };
		6C028D831BD4FD8A00CA393C /* SAMProfileViewController.m */ = {isa = PBXFileReference; fileEncoding = 4; lastKnownFileType = sourcecode.c.objc; path = SAMProfileViewController.m; sourceTree = "<group>"; };
		6C028D861BD4FD8A00CA393C /* SAMMapViewController.h */ = {isa = PBXFileReference; fileEncoding = 4; lastKnownFileType = sourcecode.c.h; path = SAMMapViewController.h; sourceTree = "<group>"; };
		6C028D871BD4FD8A00CA393C /* SAMMapViewController.m */ = {isa = PBXFileReference; fileEncoding = 4; lastKnownFileType = sourcecode.c.objc; path = SAMMapViewController.m; sourceTree = "<group>"; };
		6C028D881BD4FD8A00CA393C /* SAMOfferShortDetailsViewController.h */ = {isa = PBXFileReference; fileEncoding = 4; lastKnownFileType = sourcecode.c.h; path = SAMOfferShortDetailsViewController.h; sourceTree = "<group>"; };
		6C028D8A1BD4FD8A00CA393C /* ItemElaborateDetailsViewController.h */ = {isa = PBXFileReference; fileEncoding = 4; lastKnownFileType = sourcecode.c.h; path = ItemElaborateDetailsViewController.h; sourceTree = "<group>"; };
		6C028D8B1BD4FD8A00CA393C /* ItemElaborateDetailsViewController.m */ = {isa = PBXFileReference; fileEncoding = 4; lastKnownFileType = sourcecode.c.objc; path = ItemElaborateDetailsViewController.m; sourceTree = "<group>"; };
		6C028D8C1BD4FD8A00CA393C /* SAMSettingsViewController.h */ = {isa = PBXFileReference; fileEncoding = 4; lastKnownFileType = sourcecode.c.h; path = SAMSettingsViewController.h; sourceTree = "<group>"; };
		6C028D8D1BD4FD8A00CA393C /* SAMSettingsViewController.m */ = {isa = PBXFileReference; fileEncoding = 4; lastKnownFileType = sourcecode.c.objc; path = SAMSettingsViewController.m; sourceTree = "<group>"; };
		6C028D8E1BD4FD8A00CA393C /* SAMChangeEmailViewController.h */ = {isa = PBXFileReference; fileEncoding = 4; lastKnownFileType = sourcecode.c.h; path = SAMChangeEmailViewController.h; sourceTree = "<group>"; };
		6C028D8F1BD4FD8A00CA393C /* SAMChangeEmailViewController.m */ = {isa = PBXFileReference; fileEncoding = 4; lastKnownFileType = sourcecode.c.objc; path = SAMChangeEmailViewController.m; sourceTree = "<group>"; };
		6C028D901BD4FD8A00CA393C /* SuggestMerchantViewController.h */ = {isa = PBXFileReference; fileEncoding = 4; lastKnownFileType = sourcecode.c.h; path = SuggestMerchantViewController.h; sourceTree = "<group>"; };
		6C028D911BD4FD8A00CA393C /* SuggestMerchantViewController.m */ = {isa = PBXFileReference; fileEncoding = 4; lastKnownFileType = sourcecode.c.objc; path = SuggestMerchantViewController.m; sourceTree = "<group>"; };
		6C028D9B1BD4FDB700CA393C /* Main.storyboard */ = {isa = PBXFileReference; fileEncoding = 4; lastKnownFileType = file.storyboard; path = Main.storyboard; sourceTree = "<group>"; };
		6C028D9E1BD4FE4100CA393C /* SAMTableViewCell.h */ = {isa = PBXFileReference; fileEncoding = 4; lastKnownFileType = sourcecode.c.h; path = SAMTableViewCell.h; sourceTree = "<group>"; };
		6C028D9F1BD4FE4100CA393C /* SAMTableViewCell.m */ = {isa = PBXFileReference; fileEncoding = 4; lastKnownFileType = sourcecode.c.objc; path = SAMTableViewCell.m; sourceTree = "<group>"; };
		6C028DA21BD4FE5600CA393C /* DWBubbleMenuButton.h */ = {isa = PBXFileReference; fileEncoding = 4; lastKnownFileType = sourcecode.c.h; path = DWBubbleMenuButton.h; sourceTree = "<group>"; };
		6C028DA31BD4FE5600CA393C /* DWBubbleMenuButton.m */ = {isa = PBXFileReference; fileEncoding = 4; lastKnownFileType = sourcecode.c.objc; path = DWBubbleMenuButton.m; sourceTree = "<group>"; };
		6C028DA41BD4FE5600CA393C /* BSAuthenticationUIWebView.h */ = {isa = PBXFileReference; fileEncoding = 4; lastKnownFileType = sourcecode.c.h; path = BSAuthenticationUIWebView.h; sourceTree = "<group>"; };
		6C028DA51BD4FE5600CA393C /* BSAuthenticationUIWebView.m */ = {isa = PBXFileReference; fileEncoding = 4; lastKnownFileType = sourcecode.c.objc; path = BSAuthenticationUIWebView.m; sourceTree = "<group>"; };
		6C028DA61BD4FE5600CA393C /* BSCustomSegmentedView.h */ = {isa = PBXFileReference; fileEncoding = 4; lastKnownFileType = sourcecode.c.h; path = BSCustomSegmentedView.h; sourceTree = "<group>"; };
		6C028DA71BD4FE5600CA393C /* BSCustomSegmentedView.m */ = {isa = PBXFileReference; fileEncoding = 4; lastKnownFileType = sourcecode.c.objc; path = BSCustomSegmentedView.m; sourceTree = "<group>"; };
		6C028DA81BD4FE5600CA393C /* BSShortDescriptionView.h */ = {isa = PBXFileReference; fileEncoding = 4; lastKnownFileType = sourcecode.c.h; path = BSShortDescriptionView.h; sourceTree = "<group>"; };
		6C028DA91BD4FE5600CA393C /* BSShortDescriptionView.m */ = {isa = PBXFileReference; fileEncoding = 4; lastKnownFileType = sourcecode.c.objc; path = BSShortDescriptionView.m; sourceTree = "<group>"; };
		6C028DAF1BD4FEA100CA393C /* SVProgressHUD.bundle */ = {isa = PBXFileReference; lastKnownFileType = "wrapper.plug-in"; path = SVProgressHUD.bundle; sourceTree = "<group>"; };
		6C028DB01BD4FEA100CA393C /* SVProgressHUD.h */ = {isa = PBXFileReference; fileEncoding = 4; lastKnownFileType = sourcecode.c.h; path = SVProgressHUD.h; sourceTree = "<group>"; };
		6C028DB11BD4FEA100CA393C /* SVProgressHUD.m */ = {isa = PBXFileReference; fileEncoding = 4; lastKnownFileType = sourcecode.c.objc; path = SVProgressHUD.m; sourceTree = "<group>"; };
		6C028DB51BD4FED100CA393C /* MKAnnotationView+WebCache.h */ = {isa = PBXFileReference; fileEncoding = 4; lastKnownFileType = sourcecode.c.h; path = "MKAnnotationView+WebCache.h"; sourceTree = "<group>"; };
		6C028DB61BD4FED100CA393C /* MKAnnotationView+WebCache.m */ = {isa = PBXFileReference; fileEncoding = 4; lastKnownFileType = sourcecode.c.objc; path = "MKAnnotationView+WebCache.m"; sourceTree = "<group>"; };
		6C028DB71BD4FED100CA393C /* NSData+ImageContentType.h */ = {isa = PBXFileReference; fileEncoding = 4; lastKnownFileType = sourcecode.c.h; path = "NSData+ImageContentType.h"; sourceTree = "<group>"; };
		6C028DB81BD4FED100CA393C /* NSData+ImageContentType.m */ = {isa = PBXFileReference; fileEncoding = 4; lastKnownFileType = sourcecode.c.objc; path = "NSData+ImageContentType.m"; sourceTree = "<group>"; };
		6C028DB91BD4FED100CA393C /* SDImageCache.h */ = {isa = PBXFileReference; fileEncoding = 4; lastKnownFileType = sourcecode.c.h; path = SDImageCache.h; sourceTree = "<group>"; };
		6C028DBA1BD4FED100CA393C /* SDImageCache.m */ = {isa = PBXFileReference; fileEncoding = 4; lastKnownFileType = sourcecode.c.objc; path = SDImageCache.m; sourceTree = "<group>"; };
		6C028DBB1BD4FED100CA393C /* SDWebImageCompat.h */ = {isa = PBXFileReference; fileEncoding = 4; lastKnownFileType = sourcecode.c.h; path = SDWebImageCompat.h; sourceTree = "<group>"; };
		6C028DBC1BD4FED100CA393C /* SDWebImageCompat.m */ = {isa = PBXFileReference; fileEncoding = 4; lastKnownFileType = sourcecode.c.objc; path = SDWebImageCompat.m; sourceTree = "<group>"; };
		6C028DBD1BD4FED100CA393C /* SDWebImageDecoder.h */ = {isa = PBXFileReference; fileEncoding = 4; lastKnownFileType = sourcecode.c.h; path = SDWebImageDecoder.h; sourceTree = "<group>"; };
		6C028DBE1BD4FED100CA393C /* SDWebImageDecoder.m */ = {isa = PBXFileReference; fileEncoding = 4; lastKnownFileType = sourcecode.c.objc; path = SDWebImageDecoder.m; sourceTree = "<group>"; };
		6C028DBF1BD4FED100CA393C /* SDWebImageDownloader.h */ = {isa = PBXFileReference; fileEncoding = 4; lastKnownFileType = sourcecode.c.h; path = SDWebImageDownloader.h; sourceTree = "<group>"; };
		6C028DC01BD4FED100CA393C /* SDWebImageDownloader.m */ = {isa = PBXFileReference; fileEncoding = 4; lastKnownFileType = sourcecode.c.objc; path = SDWebImageDownloader.m; sourceTree = "<group>"; };
		6C028DC11BD4FED100CA393C /* SDWebImageDownloaderOperation.h */ = {isa = PBXFileReference; fileEncoding = 4; lastKnownFileType = sourcecode.c.h; path = SDWebImageDownloaderOperation.h; sourceTree = "<group>"; };
		6C028DC21BD4FED100CA393C /* SDWebImageDownloaderOperation.m */ = {isa = PBXFileReference; fileEncoding = 4; lastKnownFileType = sourcecode.c.objc; path = SDWebImageDownloaderOperation.m; sourceTree = "<group>"; };
		6C028DC31BD4FED100CA393C /* SDWebImageManager.h */ = {isa = PBXFileReference; fileEncoding = 4; lastKnownFileType = sourcecode.c.h; path = SDWebImageManager.h; sourceTree = "<group>"; };
		6C028DC41BD4FED100CA393C /* SDWebImageManager.m */ = {isa = PBXFileReference; fileEncoding = 4; lastKnownFileType = sourcecode.c.objc; path = SDWebImageManager.m; sourceTree = "<group>"; };
		6C028DC51BD4FED100CA393C /* SDWebImageOperation.h */ = {isa = PBXFileReference; fileEncoding = 4; lastKnownFileType = sourcecode.c.h; path = SDWebImageOperation.h; sourceTree = "<group>"; };
		6C028DC61BD4FED100CA393C /* SDWebImagePrefetcher.h */ = {isa = PBXFileReference; fileEncoding = 4; lastKnownFileType = sourcecode.c.h; path = SDWebImagePrefetcher.h; sourceTree = "<group>"; };
		6C028DC71BD4FED100CA393C /* SDWebImagePrefetcher.m */ = {isa = PBXFileReference; fileEncoding = 4; lastKnownFileType = sourcecode.c.objc; path = SDWebImagePrefetcher.m; sourceTree = "<group>"; };
		6C028DC81BD4FED100CA393C /* UIButton+WebCache.h */ = {isa = PBXFileReference; fileEncoding = 4; lastKnownFileType = sourcecode.c.h; path = "UIButton+WebCache.h"; sourceTree = "<group>"; };
		6C028DC91BD4FED100CA393C /* UIButton+WebCache.m */ = {isa = PBXFileReference; fileEncoding = 4; lastKnownFileType = sourcecode.c.objc; path = "UIButton+WebCache.m"; sourceTree = "<group>"; };
		6C028DCA1BD4FED100CA393C /* UIImage+GIF.h */ = {isa = PBXFileReference; fileEncoding = 4; lastKnownFileType = sourcecode.c.h; path = "UIImage+GIF.h"; sourceTree = "<group>"; };
		6C028DCB1BD4FED100CA393C /* UIImage+GIF.m */ = {isa = PBXFileReference; fileEncoding = 4; lastKnownFileType = sourcecode.c.objc; path = "UIImage+GIF.m"; sourceTree = "<group>"; };
		6C028DCC1BD4FED100CA393C /* UIImage+MultiFormat.h */ = {isa = PBXFileReference; fileEncoding = 4; lastKnownFileType = sourcecode.c.h; path = "UIImage+MultiFormat.h"; sourceTree = "<group>"; };
		6C028DCD1BD4FED100CA393C /* UIImage+MultiFormat.m */ = {isa = PBXFileReference; fileEncoding = 4; lastKnownFileType = sourcecode.c.objc; path = "UIImage+MultiFormat.m"; sourceTree = "<group>"; };
		6C028DCE1BD4FED100CA393C /* UIImage+WebP.h */ = {isa = PBXFileReference; fileEncoding = 4; lastKnownFileType = sourcecode.c.h; path = "UIImage+WebP.h"; sourceTree = "<group>"; };
		6C028DCF1BD4FED100CA393C /* UIImage+WebP.m */ = {isa = PBXFileReference; fileEncoding = 4; lastKnownFileType = sourcecode.c.objc; path = "UIImage+WebP.m"; sourceTree = "<group>"; };
		6C028DD01BD4FED100CA393C /* UIImageView+HighlightedWebCache.h */ = {isa = PBXFileReference; fileEncoding = 4; lastKnownFileType = sourcecode.c.h; path = "UIImageView+HighlightedWebCache.h"; sourceTree = "<group>"; };
		6C028DD11BD4FED100CA393C /* UIImageView+HighlightedWebCache.m */ = {isa = PBXFileReference; fileEncoding = 4; lastKnownFileType = sourcecode.c.objc; path = "UIImageView+HighlightedWebCache.m"; sourceTree = "<group>"; };
		6C028DD21BD4FED100CA393C /* UIImageView+WebCache.h */ = {isa = PBXFileReference; fileEncoding = 4; lastKnownFileType = sourcecode.c.h; path = "UIImageView+WebCache.h"; sourceTree = "<group>"; };
		6C028DD31BD4FED100CA393C /* UIImageView+WebCache.m */ = {isa = PBXFileReference; fileEncoding = 4; lastKnownFileType = sourcecode.c.objc; path = "UIImageView+WebCache.m"; sourceTree = "<group>"; };
		6C028DD41BD4FED100CA393C /* UIView+WebCacheOperation.h */ = {isa = PBXFileReference; fileEncoding = 4; lastKnownFileType = sourcecode.c.h; path = "UIView+WebCacheOperation.h"; sourceTree = "<group>"; };
		6C028DD51BD4FED100CA393C /* UIView+WebCacheOperation.m */ = {isa = PBXFileReference; fileEncoding = 4; lastKnownFileType = sourcecode.c.objc; path = "UIView+WebCacheOperation.m"; sourceTree = "<group>"; };
		6C028DE61BD511FB00CA393C /* followers_red.jpg */ = {isa = PBXFileReference; lastKnownFileType = image.jpeg; path = followers_red.jpg; sourceTree = "<group>"; };
		6C2D74181BD522ED00A5BC3F /* app_icon 3.png */ = {isa = PBXFileReference; lastKnownFileType = image.png; path = "app_icon 3.png"; sourceTree = "<group>"; };
		6C77F9361BE73D05002DF037 /* APIManager.h */ = {isa = PBXFileReference; fileEncoding = 4; lastKnownFileType = sourcecode.c.h; path = APIManager.h; sourceTree = "<group>"; };
		6C77F9371BE73D05002DF037 /* APIManager.m */ = {isa = PBXFileReference; fileEncoding = 4; lastKnownFileType = sourcecode.c.objc; path = APIManager.m; sourceTree = "<group>"; };
		6C77F9391BE73D17002DF037 /* InboxDetails.h */ = {isa = PBXFileReference; fileEncoding = 4; lastKnownFileType = sourcecode.c.h; path = InboxDetails.h; sourceTree = "<group>"; };
		6C77F93A1BE73D17002DF037 /* InboxDetails.m */ = {isa = PBXFileReference; fileEncoding = 4; lastKnownFileType = sourcecode.c.objc; path = InboxDetails.m; sourceTree = "<group>"; };
		6C77F93C1BE73E19002DF037 /* SAMessageDetailsViewController.h */ = {isa = PBXFileReference; fileEncoding = 4; lastKnownFileType = sourcecode.c.h; path = SAMessageDetailsViewController.h; sourceTree = "<group>"; };
		6C77F93D1BE73E19002DF037 /* SAMessageDetailsViewController.m */ = {isa = PBXFileReference; fileEncoding = 4; lastKnownFileType = sourcecode.c.objc; path = SAMessageDetailsViewController.m; sourceTree = "<group>"; };
		6C77F93E1BE73E19002DF037 /* SAMessageDetailsViewController.xib */ = {isa = PBXFileReference; fileEncoding = 4; lastKnownFileType = file.xib; path = SAMessageDetailsViewController.xib; sourceTree = "<group>"; };
		6C77F93F1BE73E19002DF037 /* SAMessageReplyViewController.h */ = {isa = PBXFileReference; fileEncoding = 4; lastKnownFileType = sourcecode.c.h; path = SAMessageReplyViewController.h; sourceTree = "<group>"; };
		6C77F9401BE73E19002DF037 /* SAMessageReplyViewController.m */ = {isa = PBXFileReference; fileEncoding = 4; lastKnownFileType = sourcecode.c.objc; path = SAMessageReplyViewController.m; sourceTree = "<group>"; };
		6C77F9411BE73E19002DF037 /* SAMessageReplyViewController.xib */ = {isa = PBXFileReference; fileEncoding = 4; lastKnownFileType = file.xib; path = SAMessageReplyViewController.xib; sourceTree = "<group>"; };
		6C77F9491BE73EEE002DF037 /* SocialAddMarketViewController.h */ = {isa = PBXFileReference; fileEncoding = 4; lastKnownFileType = sourcecode.c.h; path = SocialAddMarketViewController.h; sourceTree = "<group>"; };
		6C77F94A1BE73EEE002DF037 /* SocialAddMarketViewController.m */ = {isa = PBXFileReference; fileEncoding = 4; lastKnownFileType = sourcecode.c.objc; path = SocialAddMarketViewController.m; sourceTree = "<group>"; };
		6C77F94D1BE73F80002DF037 /* UIScrollView+APParallaxHeader.h */ = {isa = PBXFileReference; fileEncoding = 4; lastKnownFileType = sourcecode.c.h; path = "UIScrollView+APParallaxHeader.h"; sourceTree = "<group>"; };
		6C77F94E1BE73F80002DF037 /* UIScrollView+APParallaxHeader.m */ = {isa = PBXFileReference; fileEncoding = 4; lastKnownFileType = sourcecode.c.objc; path = "UIScrollView+APParallaxHeader.m"; sourceTree = "<group>"; };
		6C77F9501BE74236002DF037 /* InboxTableViewCell.xib */ = {isa = PBXFileReference; fileEncoding = 4; lastKnownFileType = file.xib; path = InboxTableViewCell.xib; sourceTree = "<group>"; };
		6C77F9521BE74275002DF037 /* SAMMessageViewController.h */ = {isa = PBXFileReference; fileEncoding = 4; lastKnownFileType = sourcecode.c.h; path = SAMMessageViewController.h; sourceTree = "<group>"; };
		6C77F9531BE74275002DF037 /* SAMMessageViewController.m */ = {isa = PBXFileReference; fileEncoding = 4; lastKnownFileType = sourcecode.c.objc; path = SAMMessageViewController.m; sourceTree = "<group>"; };
		6C77F9551BE744B9002DF037 /* InboxTableViewCell.h */ = {isa = PBXFileReference; fileEncoding = 4; lastKnownFileType = sourcecode.c.h; path = InboxTableViewCell.h; sourceTree = "<group>"; };
		6C77F9561BE744B9002DF037 /* InboxTableViewCell.m */ = {isa = PBXFileReference; fileEncoding = 4; lastKnownFileType = sourcecode.c.objc; path = InboxTableViewCell.m; sourceTree = "<group>"; };
		8E282CDB4CA535E8622C0454 /* libPods.a */ = {isa = PBXFileReference; explicitFileType = archive.ar; includeInIndex = 0; path = libPods.a; sourceTree = BUILT_PRODUCTS_DIR; };
		905FA446796BE9AA7D9E202B /* Pods.release.xcconfig */ = {isa = PBXFileReference; includeInIndex = 1; lastKnownFileType = text.xcconfig; name = Pods.release.xcconfig; path = "Pods/Target Support Files/Pods/Pods.release.xcconfig"; sourceTree = "<group>"; };
/* End PBXFileReference section */

/* Begin PBXFrameworksBuildPhase section */
		6C028D181BD4FC0A00CA393C /* Frameworks */ = {
			isa = PBXFrameworksBuildPhase;
			buildActionMask = 2147483647;
			files = (
				6C028D4B1BD4FC5000CA393C /* MapKit.framework in Frameworks */,
				6C028D491BD4FC4500CA393C /* MessageUI.framework in Frameworks */,
				6C028D471BD4FC3F00CA393C /* QuartzCore.framework in Frameworks */,
				6C028D451BD4FC3A00CA393C /* CoreGraphics.framework in Frameworks */,
				E9366F2DFBC86301DC8CD96A /* libPods.a in Frameworks */,
			);
			runOnlyForDeploymentPostprocessing = 0;
		};
		6C028D311BD4FC0A00CA393C /* Frameworks */ = {
			isa = PBXFrameworksBuildPhase;
			buildActionMask = 2147483647;
			files = (
			);
			runOnlyForDeploymentPostprocessing = 0;
		};
/* End PBXFrameworksBuildPhase section */

/* Begin PBXGroup section */
		0D90F49B8BD838F18BD6C069 /* Pods */ = {
			isa = PBXGroup;
			children = (
				61D32AFBED45A8EF6AEAD48B /* Pods.debug.xcconfig */,
				905FA446796BE9AA7D9E202B /* Pods.release.xcconfig */,
			);
			name = Pods;
			sourceTree = "<group>";
		};
		6C028D121BD4FC0A00CA393C = {
			isa = PBXGroup;
			children = (
				6C028D4A1BD4FC5000CA393C /* MapKit.framework */,
				6C028D481BD4FC4500CA393C /* MessageUI.framework */,
				6C028D461BD4FC3F00CA393C /* QuartzCore.framework */,
				6C028D441BD4FC3A00CA393C /* CoreGraphics.framework */,
				6C028D1D1BD4FC0A00CA393C /* SocialAdMarket */,
				6C028D371BD4FC0B00CA393C /* SocialAdMarketTests */,
				6C028D1C1BD4FC0A00CA393C /* Products */,
				0D90F49B8BD838F18BD6C069 /* Pods */,
				D05FB7EA97962D33602D0A6E /* Frameworks */,
			);
			sourceTree = "<group>";
		};
		6C028D1C1BD4FC0A00CA393C /* Products */ = {
			isa = PBXGroup;
			children = (
				6C028D1B1BD4FC0A00CA393C /* SocialAdMarket.app */,
				6C028D341BD4FC0A00CA393C /* SocialAdMarketTests.xctest */,
			);
			name = Products;
			sourceTree = "<group>";
		};
		6C028D1D1BD4FC0A00CA393C /* SocialAdMarket */ = {
			isa = PBXGroup;
			children = (
				6C028D511BD4FCB500CA393C /* Library */,
				6C028D4C1BD4FC6600CA393C /* Resources */,
				6C028D501BD4FCB000CA393C /* Model */,
				6C028D4E1BD4FC9800CA393C /* Controller */,
				6C028D4F1BD4FCAA00CA393C /* View */,
				6C028D2B1BD4FC0A00CA393C /* Images.xcassets */,
				6C028D2D1BD4FC0A00CA393C /* LaunchScreen.xib */,
				4A5C08661BD66C460022EE22 /* Images-2.xcassets */,
				6C028D1E1BD4FC0A00CA393C /* Supporting Files */,
			);
			path = SocialAdMarket;
			sourceTree = "<group>";
		};
		6C028D1E1BD4FC0A00CA393C /* Supporting Files */ = {
			isa = PBXGroup;
			children = (
				6C028D1F1BD4FC0A00CA393C /* Info.plist */,
				6C028D201BD4FC0A00CA393C /* main.m */,
			);
			name = "Supporting Files";
			sourceTree = "<group>";
		};
		6C028D371BD4FC0B00CA393C /* SocialAdMarketTests */ = {
			isa = PBXGroup;
			children = (
				6C028D3A1BD4FC0B00CA393C /* SocialAdMarketTests.m */,
				6C028D381BD4FC0B00CA393C /* Supporting Files */,
			);
			path = SocialAdMarketTests;
			sourceTree = "<group>";
		};
		6C028D381BD4FC0B00CA393C /* Supporting Files */ = {
			isa = PBXGroup;
			children = (
				6C028D391BD4FC0B00CA393C /* Info.plist */,
			);
			name = "Supporting Files";
			sourceTree = "<group>";
		};
		6C028D4C1BD4FC6600CA393C /* Resources */ = {
			isa = PBXGroup;
			children = (
				6C028D221BD4FC0A00CA393C /* AppDelegate.h */,
				6C028D231BD4FC0A00CA393C /* AppDelegate.m */,
				6C028D4D1BD4FC7000CA393C /* Images */,
			);
			name = Resources;
			sourceTree = "<group>";
		};
		6C028D4D1BD4FC7000CA393C /* Images */ = {
			isa = PBXGroup;
			children = (
				6C2D74181BD522ED00A5BC3F /* app_icon 3.png */,
				6C028DE61BD511FB00CA393C /* followers_red.jpg */,
				6C028D5F1BD4FD0A00CA393C /* settings.png */,
				6C028D601BD4FD0A00CA393C /* light_profile_img.png */,
				6C028D611BD4FD0A00CA393C /* img1.jpg */,
				6C028D621BD4FD0A00CA393C /* img2.jpeg */,
				6C028D631BD4FD0A00CA393C /* images.jpeg */,
				6C028D641BD4FD0A00CA393C /* no-new-messages-icon.jpg */,
				6C028D651BD4FD0A00CA393C /* plusGreen.png */,
				6C028D661BD4FD0A00CA393C /* list.png */,
				6C028D671BD4FD0A00CA393C /* message.png */,
				6C028D681BD4FD0A00CA393C /* profile.png */,
				6C028D691BD4FD0A00CA393C /* map.png */,
				6C028D6A1BD4FD0A00CA393C /* left-arrow.png */,
			);
			name = Images;
			sourceTree = "<group>";
		};
		6C028D4E1BD4FC9800CA393C /* Controller */ = {
			isa = PBXGroup;
			children = (
				6C028D7B1BD4FD3500CA393C /* Base */,
				6C028D771BD4FD1E00CA393C /* Login */,
				6C028D7F1BD4FD6900CA393C /* Pages */,
			);
			name = Controller;
			sourceTree = "<group>";
		};
		6C028D4F1BD4FCAA00CA393C /* View */ = {
			isa = PBXGroup;
			children = (
				6C028DA11BD4FE4700CA393C /* Custom Views */,
				6C028D9D1BD4FDEB00CA393C /* Custom Cells */,
				6C028D9B1BD4FDB700CA393C /* Main.storyboard */,
				6C77F9501BE74236002DF037 /* InboxTableViewCell.xib */,
				6C77F93E1BE73E19002DF037 /* SAMessageDetailsViewController.xib */,
				6C77F9411BE73E19002DF037 /* SAMessageReplyViewController.xib */,
			);
			name = View;
			sourceTree = "<group>";
		};
		6C028D501BD4FCB000CA393C /* Model */ = {
			isa = PBXGroup;
			children = (
				6C028D521BD4FCF500CA393C /* Constants.h */,
				6C028D531BD4FCF500CA393C /* SAMUserPropertiesAndAssets.h */,
				6C028D541BD4FCF500CA393C /* SAMUserPropertiesAndAssets.m */,
				6C028D551BD4FCF500CA393C /* BSOfferDetails.h */,
				6C028D561BD4FCF500CA393C /* BSOfferDetails.m */,
				6C028D571BD4FCF500CA393C /* OfferLogic.h */,
				6C028D581BD4FCF500CA393C /* OfferLogic.m */,
				6C028D591BD4FCF500CA393C /* SwappedOfferDetails.h */,
				6C028D5A1BD4FCF500CA393C /* SwappedOfferDetails.m */,
				6C77F9361BE73D05002DF037 /* APIManager.h */,
				6C77F9371BE73D05002DF037 /* APIManager.m */,
				6C77F9391BE73D17002DF037 /* InboxDetails.h */,
				6C77F93A1BE73D17002DF037 /* InboxDetails.m */,
			);
			name = Model;
			sourceTree = "<group>";
		};
		6C028D511BD4FCB500CA393C /* Library */ = {
			isa = PBXGroup;
			children = (
				6C77F94C1BE73F80002DF037 /* APParallaxHeader */,
				6C028DB41BD4FED100CA393C /* SDWebImage */,
				6C028DAE1BD4FEA100CA393C /* SVProgressHUD */,
			);
			name = Library;
			sourceTree = "<group>";
		};
		6C028D771BD4FD1E00CA393C /* Login */ = {
			isa = PBXGroup;
			children = (
				6C028D781BD4FD3000CA393C /* BSLoginViewController.h */,
				6C028D791BD4FD3000CA393C /* BSLoginViewController.m */,
			);
			name = Login;
			sourceTree = "<group>";
		};
		6C028D7B1BD4FD3500CA393C /* Base */ = {
			isa = PBXGroup;
			children = (
				6C028D7C1BD4FD4000CA393C /* BaseViewController.h */,
				6C028D7D1BD4FD4000CA393C /* BaseViewController.m */,
			);
			name = Base;
			sourceTree = "<group>";
		};
		6C028D7F1BD4FD6900CA393C /* Pages */ = {
			isa = PBXGroup;
			children = (
				6C77F9491BE73EEE002DF037 /* SocialAddMarketViewController.h */,
				6C77F94A1BE73EEE002DF037 /* SocialAddMarketViewController.m */,
				6C028D881BD4FD8A00CA393C /* SAMOfferShortDetailsViewController.h */,
				477799751BEC7E7500F3B180 /* SAMOfferShortDetailsViewController.m */,
				6C028D8A1BD4FD8A00CA393C /* ItemElaborateDetailsViewController.h */,
				6C028D8B1BD4FD8A00CA393C /* ItemElaborateDetailsViewController.m */,
				6C77F9481BE73E90002DF037 /* Settings */,
				6C77F9471BE73E7C002DF037 /* Profile */,
				6C77F9461BE73E74002DF037 /* Map */,
				6C77F9351BE73C44002DF037 /* Messages */,
			);
			name = Pages;
			sourceTree = "<group>";
		};
		6C028D9D1BD4FDEB00CA393C /* Custom Cells */ = {
			isa = PBXGroup;
			children = (
				6C028D9E1BD4FE4100CA393C /* SAMTableViewCell.h */,
				6C77F9551BE744B9002DF037 /* InboxTableViewCell.h */,
				6C77F9561BE744B9002DF037 /* InboxTableViewCell.m */,
				6C028D9F1BD4FE4100CA393C /* SAMTableViewCell.m */,
			);
			name = "Custom Cells";
			sourceTree = "<group>";
		};
		6C028DA11BD4FE4700CA393C /* Custom Views */ = {
			isa = PBXGroup;
			children = (
				6C028DA21BD4FE5600CA393C /* DWBubbleMenuButton.h */,
				6C028DA31BD4FE5600CA393C /* DWBubbleMenuButton.m */,
				6C028DA41BD4FE5600CA393C /* BSAuthenticationUIWebView.h */,
				6C028DA51BD4FE5600CA393C /* BSAuthenticationUIWebView.m */,
				6C028DA61BD4FE5600CA393C /* BSCustomSegmentedView.h */,
				6C028DA71BD4FE5600CA393C /* BSCustomSegmentedView.m */,
				6C028DA81BD4FE5600CA393C /* BSShortDescriptionView.h */,
				6C028DA91BD4FE5600CA393C /* BSShortDescriptionView.m */,
			);
			name = "Custom Views";
			sourceTree = "<group>";
		};
		6C028DAE1BD4FEA100CA393C /* SVProgressHUD */ = {
			isa = PBXGroup;
			children = (
				6C028DAF1BD4FEA100CA393C /* SVProgressHUD.bundle */,
				6C028DB01BD4FEA100CA393C /* SVProgressHUD.h */,
				6C028DB11BD4FEA100CA393C /* SVProgressHUD.m */,
			);
			path = SVProgressHUD;
			sourceTree = "<group>";
		};
		6C028DB41BD4FED100CA393C /* SDWebImage */ = {
			isa = PBXGroup;
			children = (
				6C028DB51BD4FED100CA393C /* MKAnnotationView+WebCache.h */,
				6C028DB61BD4FED100CA393C /* MKAnnotationView+WebCache.m */,
				6C028DB71BD4FED100CA393C /* NSData+ImageContentType.h */,
				6C028DB81BD4FED100CA393C /* NSData+ImageContentType.m */,
				6C028DB91BD4FED100CA393C /* SDImageCache.h */,
				6C028DBA1BD4FED100CA393C /* SDImageCache.m */,
				6C028DBB1BD4FED100CA393C /* SDWebImageCompat.h */,
				6C028DBC1BD4FED100CA393C /* SDWebImageCompat.m */,
				6C028DBD1BD4FED100CA393C /* SDWebImageDecoder.h */,
				6C028DBE1BD4FED100CA393C /* SDWebImageDecoder.m */,
				6C028DBF1BD4FED100CA393C /* SDWebImageDownloader.h */,
				6C028DC01BD4FED100CA393C /* SDWebImageDownloader.m */,
				6C028DC11BD4FED100CA393C /* SDWebImageDownloaderOperation.h */,
				6C028DC21BD4FED100CA393C /* SDWebImageDownloaderOperation.m */,
				6C028DC31BD4FED100CA393C /* SDWebImageManager.h */,
				6C028DC41BD4FED100CA393C /* SDWebImageManager.m */,
				6C028DC51BD4FED100CA393C /* SDWebImageOperation.h */,
				6C028DC61BD4FED100CA393C /* SDWebImagePrefetcher.h */,
				6C028DC71BD4FED100CA393C /* SDWebImagePrefetcher.m */,
				6C028DC81BD4FED100CA393C /* UIButton+WebCache.h */,
				6C028DC91BD4FED100CA393C /* UIButton+WebCache.m */,
				6C028DCA1BD4FED100CA393C /* UIImage+GIF.h */,
				6C028DCB1BD4FED100CA393C /* UIImage+GIF.m */,
				6C028DCC1BD4FED100CA393C /* UIImage+MultiFormat.h */,
				6C028DCD1BD4FED100CA393C /* UIImage+MultiFormat.m */,
				6C028DCE1BD4FED100CA393C /* UIImage+WebP.h */,
				6C028DCF1BD4FED100CA393C /* UIImage+WebP.m */,
				6C028DD01BD4FED100CA393C /* UIImageView+HighlightedWebCache.h */,
				6C028DD11BD4FED100CA393C /* UIImageView+HighlightedWebCache.m */,
				6C028DD21BD4FED100CA393C /* UIImageView+WebCache.h */,
				6C028DD31BD4FED100CA393C /* UIImageView+WebCache.m */,
				6C028DD41BD4FED100CA393C /* UIView+WebCacheOperation.h */,
				6C028DD51BD4FED100CA393C /* UIView+WebCacheOperation.m */,
			);
			path = SDWebImage;
			sourceTree = "<group>";
		};
		6C77F9351BE73C44002DF037 /* Messages */ = {
			isa = PBXGroup;
			children = (
				6C77F9521BE74275002DF037 /* SAMMessageViewController.h */,
				6C77F9531BE74275002DF037 /* SAMMessageViewController.m */,
				6C77F93C1BE73E19002DF037 /* SAMessageDetailsViewController.h */,
				6C77F93D1BE73E19002DF037 /* SAMessageDetailsViewController.m */,
				6C77F93F1BE73E19002DF037 /* SAMessageReplyViewController.h */,
				6C77F9401BE73E19002DF037 /* SAMessageReplyViewController.m */,
			);
			name = Messages;
			sourceTree = "<group>";
		};
		6C77F9461BE73E74002DF037 /* Map */ = {
			isa = PBXGroup;
			children = (
				6C028D861BD4FD8A00CA393C /* SAMMapViewController.h */,
				6C028D871BD4FD8A00CA393C /* SAMMapViewController.m */,
			);
			name = Map;
			sourceTree = "<group>";
		};
		6C77F9471BE73E7C002DF037 /* Profile */ = {
			isa = PBXGroup;
			children = (
				6C028D821BD4FD8A00CA393C /* SAMProfileViewController.h */,
				6C028D831BD4FD8A00CA393C /* SAMProfileViewController.m */,
			);
			name = Profile;
			sourceTree = "<group>";
		};
		6C77F9481BE73E90002DF037 /* Settings */ = {
			isa = PBXGroup;
			children = (
				6C028D8C1BD4FD8A00CA393C /* SAMSettingsViewController.h */,
				6C028D8D1BD4FD8A00CA393C /* SAMSettingsViewController.m */,
				6C028D8E1BD4FD8A00CA393C /* SAMChangeEmailViewController.h */,
				6C028D8F1BD4FD8A00CA393C /* SAMChangeEmailViewController.m */,
				6C028D901BD4FD8A00CA393C /* SuggestMerchantViewController.h */,
				6C028D911BD4FD8A00CA393C /* SuggestMerchantViewController.m */,
			);
			name = Settings;
			sourceTree = "<group>";
		};
		6C77F94C1BE73F80002DF037 /* APParallaxHeader */ = {
			isa = PBXGroup;
			children = (
				6C77F94D1BE73F80002DF037 /* UIScrollView+APParallaxHeader.h */,
				6C77F94E1BE73F80002DF037 /* UIScrollView+APParallaxHeader.m */,
			);
			path = APParallaxHeader;
			sourceTree = "<group>";
		};
		D05FB7EA97962D33602D0A6E /* Frameworks */ = {
			isa = PBXGroup;
			children = (
				8E282CDB4CA535E8622C0454 /* libPods.a */,
			);
			name = Frameworks;
			sourceTree = "<group>";
		};
/* End PBXGroup section */

/* Begin PBXNativeTarget section */
		6C028D1A1BD4FC0A00CA393C /* SocialAdMarket */ = {
			isa = PBXNativeTarget;
			buildConfigurationList = 6C028D3E1BD4FC0B00CA393C /* Build configuration list for PBXNativeTarget "SocialAdMarket" */;
			buildPhases = (
				848B8408DC9AEEC3C9238DE1 /* Check Pods Manifest.lock */,
				6C028D171BD4FC0A00CA393C /* Sources */,
				6C028D181BD4FC0A00CA393C /* Frameworks */,
				6C028D191BD4FC0A00CA393C /* Resources */,
				91B553F8F47830E093C617CA /* Embed Pods Frameworks */,
				26860F9F92B3C60B38E7FFCF /* Copy Pods Resources */,
			);
			buildRules = (
			);
			dependencies = (
			);
			name = SocialAdMarket;
			productName = SocialAdMarket;
			productReference = 6C028D1B1BD4FC0A00CA393C /* SocialAdMarket.app */;
			productType = "com.apple.product-type.application";
		};
		6C028D331BD4FC0A00CA393C /* SocialAdMarketTests */ = {
			isa = PBXNativeTarget;
			buildConfigurationList = 6C028D411BD4FC0B00CA393C /* Build configuration list for PBXNativeTarget "SocialAdMarketTests" */;
			buildPhases = (
				6C028D301BD4FC0A00CA393C /* Sources */,
				6C028D311BD4FC0A00CA393C /* Frameworks */,
				6C028D321BD4FC0A00CA393C /* Resources */,
			);
			buildRules = (
			);
			dependencies = (
				6C028D361BD4FC0A00CA393C /* PBXTargetDependency */,
			);
			name = SocialAdMarketTests;
			productName = SocialAdMarketTests;
			productReference = 6C028D341BD4FC0A00CA393C /* SocialAdMarketTests.xctest */;
			productType = "com.apple.product-type.bundle.unit-test";
		};
/* End PBXNativeTarget section */

/* Begin PBXProject section */
		6C028D131BD4FC0A00CA393C /* Project object */ = {
			isa = PBXProject;
			attributes = {
				LastUpgradeCheck = 0640;
				ORGANIZATIONNAME = "Brainstation-23";
				TargetAttributes = {
					6C028D1A1BD4FC0A00CA393C = {
						CreatedOnToolsVersion = 6.4;
					};
					6C028D331BD4FC0A00CA393C = {
						CreatedOnToolsVersion = 6.4;
						TestTargetID = 6C028D1A1BD4FC0A00CA393C;
					};
				};
			};
			buildConfigurationList = 6C028D161BD4FC0A00CA393C /* Build configuration list for PBXProject "SocialAdMarket" */;
			compatibilityVersion = "Xcode 3.2";
			developmentRegion = English;
			hasScannedForEncodings = 0;
			knownRegions = (
				en,
				Base,
			);
			mainGroup = 6C028D121BD4FC0A00CA393C;
			productRefGroup = 6C028D1C1BD4FC0A00CA393C /* Products */;
			projectDirPath = "";
			projectRoot = "";
			targets = (
				6C028D1A1BD4FC0A00CA393C /* SocialAdMarket */,
				6C028D331BD4FC0A00CA393C /* SocialAdMarketTests */,
			);
		};
/* End PBXProject section */

/* Begin PBXResourcesBuildPhase section */
		6C028D191BD4FC0A00CA393C /* Resources */ = {
			isa = PBXResourcesBuildPhase;
			buildActionMask = 2147483647;
			files = (
				6C028D741BD4FD0A00CA393C /* profile.png in Resources */,
				6C028D6B1BD4FD0A00CA393C /* settings.png in Resources */,
				6C028DE71BD511FB00CA393C /* followers_red.jpg in Resources */,
				6C2D74191BD522ED00A5BC3F /* app_icon 3.png in Resources */,
				6C028D6D1BD4FD0A00CA393C /* img1.jpg in Resources */,
				6C028D751BD4FD0A00CA393C /* map.png in Resources */,
				6C028D2F1BD4FC0A00CA393C /* LaunchScreen.xib in Resources */,
				6C028D701BD4FD0A00CA393C /* no-new-messages-icon.jpg in Resources */,
				6C028D9C1BD4FDB700CA393C /* Main.storyboard in Resources */,
				4A5C08671BD66C460022EE22 /* Images-2.xcassets in Resources */,
				6C028D2C1BD4FC0A00CA393C /* Images.xcassets in Resources */,
				6C028D6F1BD4FD0A00CA393C /* images.jpeg in Resources */,
				6C028D6C1BD4FD0A00CA393C /* light_profile_img.png in Resources */,
				6C028D6E1BD4FD0A00CA393C /* img2.jpeg in Resources */,
				6C028DB21BD4FEA100CA393C /* SVProgressHUD.bundle in Resources */,
				6C028D721BD4FD0A00CA393C /* list.png in Resources */,
				6C77F9511BE74236002DF037 /* InboxTableViewCell.xib in Resources */,
				6C028D711BD4FD0A00CA393C /* plusGreen.png in Resources */,
				6C77F9451BE73E19002DF037 /* SAMessageReplyViewController.xib in Resources */,
				6C77F9431BE73E19002DF037 /* SAMessageDetailsViewController.xib in Resources */,
				6C028D731BD4FD0A00CA393C /* message.png in Resources */,
				6C028D761BD4FD0A00CA393C /* left-arrow.png in Resources */,
			);
			runOnlyForDeploymentPostprocessing = 0;
		};
		6C028D321BD4FC0A00CA393C /* Resources */ = {
			isa = PBXResourcesBuildPhase;
			buildActionMask = 2147483647;
			files = (
			);
			runOnlyForDeploymentPostprocessing = 0;
		};
/* End PBXResourcesBuildPhase section */

/* Begin PBXShellScriptBuildPhase section */
		26860F9F92B3C60B38E7FFCF /* Copy Pods Resources */ = {
			isa = PBXShellScriptBuildPhase;
			buildActionMask = 2147483647;
			files = (
			);
			inputPaths = (
			);
			name = "Copy Pods Resources";
			outputPaths = (
			);
			runOnlyForDeploymentPostprocessing = 0;
			shellPath = /bin/sh;
			shellScript = "\"${SRCROOT}/Pods/Target Support Files/Pods/Pods-resources.sh\"\n";
			showEnvVarsInLog = 0;
		};
		848B8408DC9AEEC3C9238DE1 /* Check Pods Manifest.lock */ = {
			isa = PBXShellScriptBuildPhase;
			buildActionMask = 2147483647;
			files = (
			);
			inputPaths = (
			);
			name = "Check Pods Manifest.lock";
			outputPaths = (
			);
			runOnlyForDeploymentPostprocessing = 0;
			shellPath = /bin/sh;
			shellScript = "diff \"${PODS_ROOT}/../Podfile.lock\" \"${PODS_ROOT}/Manifest.lock\" > /dev/null\nif [[ $? != 0 ]] ; then\n    cat << EOM\nerror: The sandbox is not in sync with the Podfile.lock. Run 'pod install' or update your CocoaPods installation.\nEOM\n    exit 1\nfi\n";
			showEnvVarsInLog = 0;
		};
		91B553F8F47830E093C617CA /* Embed Pods Frameworks */ = {
			isa = PBXShellScriptBuildPhase;
			buildActionMask = 2147483647;
			files = (
			);
			inputPaths = (
			);
			name = "Embed Pods Frameworks";
			outputPaths = (
			);
			runOnlyForDeploymentPostprocessing = 0;
			shellPath = /bin/sh;
			shellScript = "\"${SRCROOT}/Pods/Target Support Files/Pods/Pods-frameworks.sh\"\n";
			showEnvVarsInLog = 0;
		};
/* End PBXShellScriptBuildPhase section */

/* Begin PBXSourcesBuildPhase section */
		6C028D171BD4FC0A00CA393C /* Sources */ = {
			isa = PBXSourcesBuildPhase;
			buildActionMask = 2147483647;
			files = (
				6C028DDA1BD4FED100CA393C /* SDWebImageDecoder.m in Sources */,
				6C028DE51BD4FED100CA393C /* UIView+WebCacheOperation.m in Sources */,
				6C028D7A1BD4FD3000CA393C /* BSLoginViewController.m in Sources */,
				6C028DDD1BD4FED100CA393C /* SDWebImageManager.m in Sources */,
				6C77F9381BE73D05002DF037 /* APIManager.m in Sources */,
				6C028D7E1BD4FD4000CA393C /* BaseViewController.m in Sources */,
				6C028DAC1BD4FE5600CA393C /* BSCustomSegmentedView.m in Sources */,
				6C028D5B1BD4FCF500CA393C /* SAMUserPropertiesAndAssets.m in Sources */,
				6C028DD91BD4FED100CA393C /* SDWebImageCompat.m in Sources */,
				6C028DDC1BD4FED100CA393C /* SDWebImageDownloaderOperation.m in Sources */,
				6C028D241BD4FC0A00CA393C /* AppDelegate.m in Sources */,
				6C028DE41BD4FED100CA393C /* UIImageView+WebCache.m in Sources */,
				6C028D981BD4FD8A00CA393C /* SAMSettingsViewController.m in Sources */,
				477799761BEC7E7500F3B180 /* SAMOfferShortDetailsViewController.m in Sources */,
				6C77F9571BE744B9002DF037 /* InboxTableViewCell.m in Sources */,
				6C028D991BD4FD8A00CA393C /* SAMChangeEmailViewController.m in Sources */,
				6C028DE31BD4FED100CA393C /* UIImageView+HighlightedWebCache.m in Sources */,
				6C028DA01BD4FE4100CA393C /* SAMTableViewCell.m in Sources */,
				6C028DB31BD4FEA100CA393C /* SVProgressHUD.m in Sources */,
				6C028DE01BD4FED100CA393C /* UIImage+GIF.m in Sources */,
				6C77F94B1BE73EEE002DF037 /* SocialAddMarketViewController.m in Sources */,
				6C028DE11BD4FED100CA393C /* UIImage+MultiFormat.m in Sources */,
				6C028D931BD4FD8A00CA393C /* SAMProfileViewController.m in Sources */,
				6C77F9441BE73E19002DF037 /* SAMessageReplyViewController.m in Sources */,
				6C028DE21BD4FED100CA393C /* UIImage+WebP.m in Sources */,
				6C028DDE1BD4FED100CA393C /* SDWebImagePrefetcher.m in Sources */,
				6C028D5D1BD4FCF500CA393C /* OfferLogic.m in Sources */,
				6C028DAD1BD4FE5600CA393C /* BSShortDescriptionView.m in Sources */,
				6C028D9A1BD4FD8A00CA393C /* SuggestMerchantViewController.m in Sources */,
				6C77F9421BE73E19002DF037 /* SAMessageDetailsViewController.m in Sources */,
				6C028DAA1BD4FE5600CA393C /* DWBubbleMenuButton.m in Sources */,
				6C77F9541BE74275002DF037 /* SAMMessageViewController.m in Sources */,
				6C028DD61BD4FED100CA393C /* MKAnnotationView+WebCache.m in Sources */,
				6C77F93B1BE73D17002DF037 /* InboxDetails.m in Sources */,
				6C028D5E1BD4FCF500CA393C /* SwappedOfferDetails.m in Sources */,
				6C028DDB1BD4FED100CA393C /* SDWebImageDownloader.m in Sources */,
				6C028DDF1BD4FED100CA393C /* UIButton+WebCache.m in Sources */,
				6C77F94F1BE73F80002DF037 /* UIScrollView+APParallaxHeader.m in Sources */,
				6C028D211BD4FC0A00CA393C /* main.m in Sources */,
				6C028DD71BD4FED100CA393C /* NSData+ImageContentType.m in Sources */,
				6C028D951BD4FD8A00CA393C /* SAMMapViewController.m in Sources */,
				6C028D971BD4FD8A00CA393C /* ItemElaborateDetailsViewController.m in Sources */,
				6C028DD81BD4FED100CA393C /* SDImageCache.m in Sources */,
				6C028DAB1BD4FE5600CA393C /* BSAuthenticationUIWebView.m in Sources */,
				6C028D5C1BD4FCF500CA393C /* BSOfferDetails.m in Sources */,
			);
			runOnlyForDeploymentPostprocessing = 0;
		};
		6C028D301BD4FC0A00CA393C /* Sources */ = {
			isa = PBXSourcesBuildPhase;
			buildActionMask = 2147483647;
			files = (
				6C028D3B1BD4FC0B00CA393C /* SocialAdMarketTests.m in Sources */,
			);
			runOnlyForDeploymentPostprocessing = 0;
		};
/* End PBXSourcesBuildPhase section */

/* Begin PBXTargetDependency section */
		6C028D361BD4FC0A00CA393C /* PBXTargetDependency */ = {
			isa = PBXTargetDependency;
			target = 6C028D1A1BD4FC0A00CA393C /* SocialAdMarket */;
			targetProxy = 6C028D351BD4FC0A00CA393C /* PBXContainerItemProxy */;
		};
/* End PBXTargetDependency section */

/* Begin PBXVariantGroup section */
		6C028D2D1BD4FC0A00CA393C /* LaunchScreen.xib */ = {
			isa = PBXVariantGroup;
			children = (
				6C028D2E1BD4FC0A00CA393C /* Base */,
			);
			name = LaunchScreen.xib;
			sourceTree = "<group>";
		};
/* End PBXVariantGroup section */

/* Begin XCBuildConfiguration section */
		6C028D3C1BD4FC0B00CA393C /* Debug */ = {
			isa = XCBuildConfiguration;
			buildSettings = {
				ALWAYS_SEARCH_USER_PATHS = NO;
				CLANG_CXX_LANGUAGE_STANDARD = "gnu++0x";
				CLANG_CXX_LIBRARY = "libc++";
				CLANG_ENABLE_MODULES = YES;
				CLANG_ENABLE_OBJC_ARC = YES;
				CLANG_WARN_BOOL_CONVERSION = YES;
				CLANG_WARN_CONSTANT_CONVERSION = YES;
				CLANG_WARN_DIRECT_OBJC_ISA_USAGE = YES_ERROR;
				CLANG_WARN_EMPTY_BODY = YES;
				CLANG_WARN_ENUM_CONVERSION = YES;
				CLANG_WARN_INT_CONVERSION = YES;
				CLANG_WARN_OBJC_ROOT_CLASS = YES_ERROR;
				CLANG_WARN_UNREACHABLE_CODE = YES;
				CLANG_WARN__DUPLICATE_METHOD_MATCH = YES;
				"CODE_SIGN_IDENTITY[sdk=iphoneos*]" = "iPhone Developer";
				COPY_PHASE_STRIP = NO;
				DEBUG_INFORMATION_FORMAT = "dwarf-with-dsym";
				ENABLE_STRICT_OBJC_MSGSEND = YES;
				GCC_C_LANGUAGE_STANDARD = gnu99;
				GCC_DYNAMIC_NO_PIC = NO;
				GCC_NO_COMMON_BLOCKS = YES;
				GCC_OPTIMIZATION_LEVEL = 0;
				GCC_PREPROCESSOR_DEFINITIONS = (
					"DEBUG=1",
					"$(inherited)",
				);
				GCC_SYMBOLS_PRIVATE_EXTERN = NO;
				GCC_WARN_64_TO_32_BIT_CONVERSION = YES;
				GCC_WARN_ABOUT_RETURN_TYPE = YES_ERROR;
				GCC_WARN_UNDECLARED_SELECTOR = YES;
				GCC_WARN_UNINITIALIZED_AUTOS = YES_AGGRESSIVE;
				GCC_WARN_UNUSED_FUNCTION = YES;
				GCC_WARN_UNUSED_VARIABLE = YES;
				IPHONEOS_DEPLOYMENT_TARGET = 8.4;
				MTL_ENABLE_DEBUG_INFO = YES;
				ONLY_ACTIVE_ARCH = YES;
				SDKROOT = iphoneos;
			};
			name = Debug;
		};
		6C028D3D1BD4FC0B00CA393C /* Release */ = {
			isa = XCBuildConfiguration;
			buildSettings = {
				ALWAYS_SEARCH_USER_PATHS = NO;
				CLANG_CXX_LANGUAGE_STANDARD = "gnu++0x";
				CLANG_CXX_LIBRARY = "libc++";
				CLANG_ENABLE_MODULES = YES;
				CLANG_ENABLE_OBJC_ARC = YES;
				CLANG_WARN_BOOL_CONVERSION = YES;
				CLANG_WARN_CONSTANT_CONVERSION = YES;
				CLANG_WARN_DIRECT_OBJC_ISA_USAGE = YES_ERROR;
				CLANG_WARN_EMPTY_BODY = YES;
				CLANG_WARN_ENUM_CONVERSION = YES;
				CLANG_WARN_INT_CONVERSION = YES;
				CLANG_WARN_OBJC_ROOT_CLASS = YES_ERROR;
				CLANG_WARN_UNREACHABLE_CODE = YES;
				CLANG_WARN__DUPLICATE_METHOD_MATCH = YES;
				"CODE_SIGN_IDENTITY[sdk=iphoneos*]" = "iPhone Developer";
				COPY_PHASE_STRIP = NO;
				DEBUG_INFORMATION_FORMAT = "dwarf-with-dsym";
				ENABLE_NS_ASSERTIONS = NO;
				ENABLE_STRICT_OBJC_MSGSEND = YES;
				GCC_C_LANGUAGE_STANDARD = gnu99;
				GCC_NO_COMMON_BLOCKS = YES;
				GCC_WARN_64_TO_32_BIT_CONVERSION = YES;
				GCC_WARN_ABOUT_RETURN_TYPE = YES_ERROR;
				GCC_WARN_UNDECLARED_SELECTOR = YES;
				GCC_WARN_UNINITIALIZED_AUTOS = YES_AGGRESSIVE;
				GCC_WARN_UNUSED_FUNCTION = YES;
				GCC_WARN_UNUSED_VARIABLE = YES;
				IPHONEOS_DEPLOYMENT_TARGET = 8.4;
				MTL_ENABLE_DEBUG_INFO = NO;
				SDKROOT = iphoneos;
				VALIDATE_PRODUCT = YES;
			};
			name = Release;
		};
		6C028D3F1BD4FC0B00CA393C /* Debug */ = {
			isa = XCBuildConfiguration;
			baseConfigurationReference = 61D32AFBED45A8EF6AEAD48B /* Pods.debug.xcconfig */;
			buildSettings = {
				ASSETCATALOG_COMPILER_APPICON_NAME = AppIcon;
				ASSETCATALOG_COMPILER_LAUNCHIMAGE_NAME = LaunchImage;
				CODE_SIGN_IDENTITY = "iPhone Developer: Raisul Kabir (M6ZE95VW75)";
				"CODE_SIGN_IDENTITY[sdk=iphoneos*]" = "iPhone Developer: Raisul Kabir (M6ZE95VW75)";
				INFOPLIST_FILE = SocialAdMarket/Info.plist;
				IPHONEOS_DEPLOYMENT_TARGET = 7.0;
				LD_RUNPATH_SEARCH_PATHS = "$(inherited) @executable_path/Frameworks";
				PRODUCT_NAME = "$(TARGET_NAME)";
				PROVISIONING_PROFILE = "e2017743-45a4-4220-bc44-83f5420ccfe5";
			};
			name = Debug;
		};
		6C028D401BD4FC0B00CA393C /* Release */ = {
			isa = XCBuildConfiguration;
			baseConfigurationReference = 905FA446796BE9AA7D9E202B /* Pods.release.xcconfig */;
			buildSettings = {
				ASSETCATALOG_COMPILER_APPICON_NAME = AppIcon;
				ASSETCATALOG_COMPILER_LAUNCHIMAGE_NAME = LaunchImage;
				CODE_SIGN_IDENTITY = "iPhone Distribution: Brain Station-23 (MG2L3YQ533)";
				"CODE_SIGN_IDENTITY[sdk=iphoneos*]" = "iPhone Distribution: Brain Station-23 (MG2L3YQ533)";
				INFOPLIST_FILE = SocialAdMarket/Info.plist;
				IPHONEOS_DEPLOYMENT_TARGET = 7.0;
				LD_RUNPATH_SEARCH_PATHS = "$(inherited) @executable_path/Frameworks";
				PRODUCT_NAME = "$(TARGET_NAME)";
				PROVISIONING_PROFILE = "869861cb-d540-4f60-b6cb-21e9c02a1499";
			};
			name = Release;
		};
		6C028D421BD4FC0B00CA393C /* Debug */ = {
			isa = XCBuildConfiguration;
			buildSettings = {
				BUNDLE_LOADER = "$(TEST_HOST)";
				FRAMEWORK_SEARCH_PATHS = (
					"$(SDKROOT)/Developer/Library/Frameworks",
					"$(inherited)",
				);
				GCC_PREPROCESSOR_DEFINITIONS = (
					"DEBUG=1",
					"$(inherited)",
				);
				INFOPLIST_FILE = SocialAdMarketTests/Info.plist;
				LD_RUNPATH_SEARCH_PATHS = "$(inherited) @executable_path/Frameworks @loader_path/Frameworks";
				PRODUCT_NAME = "$(TARGET_NAME)";
				TEST_HOST = "$(BUILT_PRODUCTS_DIR)/SocialAdMarket.app/SocialAdMarket";
			};
			name = Debug;
		};
		6C028D431BD4FC0B00CA393C /* Release */ = {
			isa = XCBuildConfiguration;
			buildSettings = {
				BUNDLE_LOADER = "$(TEST_HOST)";
				FRAMEWORK_SEARCH_PATHS = (
					"$(SDKROOT)/Developer/Library/Frameworks",
					"$(inherited)",
				);
				INFOPLIST_FILE = SocialAdMarketTests/Info.plist;
				LD_RUNPATH_SEARCH_PATHS = "$(inherited) @executable_path/Frameworks @loader_path/Frameworks";
				PRODUCT_NAME = "$(TARGET_NAME)";
				TEST_HOST = "$(BUILT_PRODUCTS_DIR)/SocialAdMarket.app/SocialAdMarket";
			};
			name = Release;
		};
/* End XCBuildConfiguration section */

/* Begin XCConfigurationList section */
		6C028D161BD4FC0A00CA393C /* Build configuration list for PBXProject "SocialAdMarket" */ = {
			isa = XCConfigurationList;
			buildConfigurations = (
				6C028D3C1BD4FC0B00CA393C /* Debug */,
				6C028D3D1BD4FC0B00CA393C /* Release */,
			);
			defaultConfigurationIsVisible = 0;
			defaultConfigurationName = Release;
		};
		6C028D3E1BD4FC0B00CA393C /* Build configuration list for PBXNativeTarget "SocialAdMarket" */ = {
			isa = XCConfigurationList;
			buildConfigurations = (
				6C028D3F1BD4FC0B00CA393C /* Debug */,
				6C028D401BD4FC0B00CA393C /* Release */,
			);
			defaultConfigurationIsVisible = 0;
			defaultConfigurationName = Release;
		};
		6C028D411BD4FC0B00CA393C /* Build configuration list for PBXNativeTarget "SocialAdMarketTests" */ = {
			isa = XCConfigurationList;
			buildConfigurations = (
				6C028D421BD4FC0B00CA393C /* Debug */,
				6C028D431BD4FC0B00CA393C /* Release */,
			);
			defaultConfigurationIsVisible = 0;
			defaultConfigurationName = Release;
		};
/* End XCConfigurationList section */
	};
	rootObject = 6C028D131BD4FC0A00CA393C /* Project object */;
}
